
Microsoft Visual Studio Solution File, Format Version 12.00
# Visual Studio Version 16
VisualStudioVersion = 16.0.29926.136
MinimumVisualStudioVersion = 10.0.40219.1
Project("{9A19103F-16F7-4668-BE54-9A1E7A4F7556}") = "AniMediaNotifier.Core", "AniMediaNotifier.Core\AniMediaNotifier.Core.csproj", "{F27710ED-BDE6-45E8-B8C7-46F49F2B52B4}"
EndProject
Project("{9A19103F-16F7-4668-BE54-9A1E7A4F7556}") = "AniMediaNotifier.Data", "AniMediaNotifier.Data\AniMediaNotifier.Data.csproj", "{7D562021-E3DA-40AE-B622-C85E01CE975F}"
EndProject
Project("{FAE04EC0-301F-11D3-BF4B-00C04F79EFBC}") = "AniMediaNotifier", "AniMediaNotifier\AniMediaNotifier.csproj", "{C3BD8C97-EAE4-494E-AE13-DEC51C27F9F3}"
EndProject
Global
	GlobalSection(SolutionConfigurationPlatforms) = preSolution
		Debug|Any CPU = Debug|Any CPU
		Release|Any CPU = Release|Any CPU
	EndGlobalSection
	GlobalSection(ProjectConfigurationPlatforms) = postSolution
		{F27710ED-BDE6-45E8-B8C7-46F49F2B52B4}.Debug|Any CPU.ActiveCfg = Debug|Any CPU
		{F27710ED-BDE6-45E8-B8C7-46F49F2B52B4}.Debug|Any CPU.Build.0 = Debug|Any CPU
		{F27710ED-BDE6-45E8-B8C7-46F49F2B52B4}.Release|Any CPU.ActiveCfg = Release|Any CPU
		{F27710ED-BDE6-45E8-B8C7-46F49F2B52B4}.Release|Any CPU.Build.0 = Release|Any CPU
		{7D562021-E3DA-40AE-B622-C85E01CE975F}.Debug|Any CPU.ActiveCfg = Debug|Any CPU
		{7D562021-E3DA-40AE-B622-C85E01CE975F}.Debug|Any CPU.Build.0 = Debug|Any CPU
		{7D562021-E3DA-40AE-B622-C85E01CE975F}.Release|Any CPU.ActiveCfg = Release|Any CPU
		{7D562021-E3DA-40AE-B622-C85E01CE975F}.Release|Any CPU.Build.0 = Release|Any CPU
		{C3BD8C97-EAE4-494E-AE13-DEC51C27F9F3}.Debug|Any CPU.ActiveCfg = Debug|Any CPU
		{C3BD8C97-EAE4-494E-AE13-DEC51C27F9F3}.Debug|Any CPU.Build.0 = Debug|Any CPU
		{C3BD8C97-EAE4-494E-AE13-DEC51C27F9F3}.Release|Any CPU.ActiveCfg = Release|Any CPU
		{C3BD8C97-EAE4-494E-AE13-DEC51C27F9F3}.Release|Any CPU.Build.0 = Release|Any CPU
	EndGlobalSection
	GlobalSection(SolutionProperties) = preSolution
		HideSolutionNode = FALSE
	EndGlobalSection
	GlobalSection(ExtensibilityGlobals) = postSolution
		SolutionGuid = {563B67C1-E94A-4E1E-AAE2-7309F1D03F3A}
	EndGlobalSection
EndGlobal
